
Microsoft Visual Studio Solution File, Format Version 12.00
# Visual Studio Version 16
VisualStudioVersion = 16.0.29519.87
MinimumVisualStudioVersion = 10.0.40219.1
Project("{9A19103F-16F7-4668-BE54-9A1E7A4F7556}") = "ClassLibrary1", "ClassLibrary1\ClassLibrary1.csproj", "{73A026B3-52F6-4B2C-AAB7-63F01F5DD314}"
EndProject
Project("{9A19103F-16F7-4668-BE54-9A1E7A4F7556}") = "WpfProcessNote", "WpfProcessNote\WpfProcessNote.csproj", "{E74D0705-6D5C-49A9-B7DA-5608E96FA097}"
EndProject
Project("{9A19103F-16F7-4668-BE54-9A1E7A4F7556}") = "ConsoleProcessNote", "ConsoleProcessNote\ConsoleProcessNote.csproj", "{38A19978-6211-4C7C-8AB1-96380893E75D}"
EndProject
Global
	GlobalSection(SolutionConfigurationPlatforms) = preSolution
		Debug|Any CPU = Debug|Any CPU
		Release|Any CPU = Release|Any CPU
	EndGlobalSection
	GlobalSection(ProjectConfigurationPlatforms) = postSolution
		{73A026B3-52F6-4B2C-AAB7-63F01F5DD314}.Debug|Any CPU.ActiveCfg = Debug|Any CPU
		{73A026B3-52F6-4B2C-AAB7-63F01F5DD314}.Debug|Any CPU.Build.0 = Debug|Any CPU
		{73A026B3-52F6-4B2C-AAB7-63F01F5DD314}.Release|Any CPU.ActiveCfg = Release|Any CPU
		{73A026B3-52F6-4B2C-AAB7-63F01F5DD314}.Release|Any CPU.Build.0 = Release|Any CPU
		{E74D0705-6D5C-49A9-B7DA-5608E96FA097}.Debug|Any CPU.ActiveCfg = Debug|Any CPU
		{E74D0705-6D5C-49A9-B7DA-5608E96FA097}.Debug|Any CPU.Build.0 = Debug|Any CPU
		{E74D0705-6D5C-49A9-B7DA-5608E96FA097}.Release|Any CPU.ActiveCfg = Release|Any CPU
		{E74D0705-6D5C-49A9-B7DA-5608E96FA097}.Release|Any CPU.Build.0 = Release|Any CPU
		{38A19978-6211-4C7C-8AB1-96380893E75D}.Debug|Any CPU.ActiveCfg = Debug|Any CPU
		{38A19978-6211-4C7C-8AB1-96380893E75D}.Debug|Any CPU.Build.0 = Debug|Any CPU
		{38A19978-6211-4C7C-8AB1-96380893E75D}.Release|Any CPU.ActiveCfg = Release|Any CPU
		{38A19978-6211-4C7C-8AB1-96380893E75D}.Release|Any CPU.Build.0 = Release|Any CPU
	EndGlobalSection
	GlobalSection(SolutionProperties) = preSolution
		HideSolutionNode = FALSE
	EndGlobalSection
	GlobalSection(ExtensibilityGlobals) = postSolution
		SolutionGuid = {AE5DCDED-96F5-4E11-BBE6-58F6283CBADB}
	EndGlobalSection
EndGlobal
